
Microsoft Visual Studio Solution File, Format Version 12.00
# Visual Studio Version 16
VisualStudioVersion = 16.0.33214.272
MinimumVisualStudioVersion = 10.0.40219.1
Project("{8BC9CEB8-8B4A-11D0-8D11-00A0C91BC942}") = "BALLOONS_HW2", "BALLOONS_HW2\BALLOONS_HW2.vcxproj", "{04562175-C407-458A-A560-BD1A4479455E}"
EndProject
Global
	GlobalSection(SolutionConfigurationPlatforms) = preSolution
		Debug|x64 = Debug|x64
		Debug|x86 = Debug|x86
		Release|x64 = Release|x64
		Release|x86 = Release|x86
	EndGlobalSection
	GlobalSection(ProjectConfigurationPlatforms) = postSolution
		{04562175-C407-458A-A560-BD1A4479455E}.Debug|x64.ActiveCfg = Debug|x64
		{04562175-C407-458A-A560-BD1A4479455E}.Debug|x64.Build.0 = Debug|x64
		{04562175-C407-458A-A560-BD1A4479455E}.Debug|x86.ActiveCfg = Debug|Win32
		{04562175-C407-458A-A560-BD1A4479455E}.Debug|x86.Build.0 = Debug|Win32
		{04562175-C407-458A-A560-BD1A4479455E}.Release|x64.ActiveCfg = Release|x64
		{04562175-C407-458A-A560-BD1A4479455E}.Release|x64.Build.0 = Release|x64
		{04562175-C407-458A-A560-BD1A4479455E}.Release|x86.ActiveCfg = Release|Win32
		{04562175-C407-458A-A560-BD1A4479455E}.Release|x86.Build.0 = Release|Win32
	EndGlobalSection
	GlobalSection(SolutionProperties) = preSolution
		HideSolutionNode = FALSE
	EndGlobalSection
	GlobalSection(ExtensibilityGlobals) = postSolution
		SolutionGuid = {B5EE891F-A567-46CB-98DF-496FE2CD9122}
	EndGlobalSection
EndGlobal
